<?xml version="1.0" encoding="UTF-8" standalone="yes" ?>
<CodeBlocks_project_file>
	<FileVersion major="1" minor="6" />
	<Project>
		<Option title="Proyecto_Autismo" />
		<Option pch_mode="2" />
		<Option compiler="gcc" />
		<Build>
			<Target title="Debug">
				<Option platforms="Windows;" />
				<Option output="bin/Debug/Proyecto_Autismo" prefix_auto="1" extension_auto="1" />
				<Option object_output="obj/Debug/" />
				<Option type="1" />
				<Option compiler="gcc" />
				<Compiler>
					<Add option="-g" />
					<Add directory="dependencias/include" />
				</Compiler>
				<Linker>
					<Add option="-lfreeglut" />
					<Add option="-lopengl32" />
					<Add option="-lglu32" />
					<Add option="-lwinmm" />
					<Add option="-lgdi32" />
					<Add option="-lglui32" />
					<Add option="-lcomdlg32" />
					<Add option="-lole32" />
					<Add library="dependencias/lib/DevIL.lib" />
					<Add library="dependencias/lib/ILU.lib" />
					<Add directory="dependencias/lib" />
				</Linker>
			</Target>
			<Target title="Release">
				<Option output="bin/Release/Proyecto_Autismo" prefix_auto="1" extension_auto="1" />
				<Option object_output="obj/Release/" />
				<Option type="1" />
				<Option compiler="gcc" />
				<Compiler>
					<Add option="-O2" />
					<Add directory="dependencias/include" />
				</Compiler>
				<Linker>
					<Add option="-s" />
					<Add option="-lfreeglut" />
					<Add option="-lopengl32" />
					<Add option="-lglu32" />
					<Add option="-lwinmm" />
					<Add option="-lgdi32" />
					<Add option="-lglui32" />
					<Add option="-lcomdlg32" />
					<Add option="-lole32" />
					<Add library="dependencias/lib/DevIL.lib" />
					<Add library="dependencias/lib/ILU.lib" />
					<Add directory="dependencias/lib" />
				</Linker>
			</Target>
		</Build>
		<Compiler>
			<Add option="-Wall" />
			<Add option="-fexceptions" />
			<Add directory="dependencias/include" />
		</Compiler>
		<Linker>
			<Add option="-lfreeglut" />
			<Add option="-lopengl32" />
			<Add option="-lglu32" />
			<Add option="-lwinmm" />
			<Add option="-lgdi32" />
			<Add option="-lglui32" />
			<Add option="-lcomdlg32" />
			<Add option="-lole32" />
			<Add library="dependencias/lib/DevIL.lib" />
			<Add library="dependencias/lib/ILU.lib" />
			<Add directory="dependencias/lib" />
		</Linker>
		<Unit filename="LTexture.h" />
		<Unit filename="LoadImage.h" />
		<Unit filename="Texture.cpp" />
		<Unit filename="Texture.h" />
		<Unit filename="Utils.h" />
		<Unit filename="glm.cpp" />
		<Unit filename="glm.h" />
		<Unit filename="imagenes/emociones/01.png" />
		<Unit filename="imagenes/emociones/02.png" />
		<Unit filename="imagenes/emociones/03.png" />
		<Unit filename="imagenes/emociones/04.png" />
		<Unit filename="imagenes/emociones/05.png" />
		<Unit filename="imagenes/emociones/06.png" />
		<Unit filename="imagenes/emociones/07.png" />
		<Unit filename="imagenes/emociones/08.png" />
		<Unit filename="imagenes/emociones/09.png" />
		<Unit filename="imagenes/emociones/10.png" />
		<Unit filename="imagenes/emociones/11.png" />
		<Unit filename="imagenes/emociones/12.png" />
		<Unit filename="imagenes/emociones/13.png" />
		<Unit filename="imagenes/emociones/14.png" />
		<Unit filename="imagenes/emociones/15.png" />
		<Unit filename="imagenes/emociones/16.png" />
		<Unit filename="imagenes/emociones/17.png" />
		<Unit filename="imagenes/emociones/18.png" />
		<Unit filename="imagenes/emociones/19.png" />
		<Unit filename="imagenes/emociones/20.png" />
		<Unit filename="imagenes/emociones/21.png" />
		<Unit filename="imagenes/emociones/22.png" />
		<Unit filename="imagenes/emociones/23.png" />
		<Unit filename="imagenes/emociones/24.png" />
		<Unit filename="imagenes/emociones/25.png" />
		<Unit filename="imagenes/emociones/26.png" />
		<Unit filename="imagenes/emociones/27.png" />
		<Unit filename="imagenes/emociones/28.png" />
		<Unit filename="imagenes/emociones/29.png" />
		<Unit filename="imagenes/emociones/30.png" />
		<Unit filename="main.cpp" />
		<Unit filename="stdafx.cpp" />
		<Unit filename="stdafx.h" />
		<Unit filename="tinyfiledialogs.c">
			<Option compilerVar="CC" />
		</Unit>
		<Unit filename="tinyfiledialogs.h" />
		<Extensions>
			<code_completion />
			<envvars />
			<debugger />
			<lib_finder disable_auto="1" />
		</Extensions>
	</Project>
</CodeBlocks_project_file>
